<?xml version="1.0" encoding="utf-8"?>
<Project ToolsVersion="4.0" xmlns="http://schemas.microsoft.com/developer/msbuild/2003">
  <ItemGroup>
    <Filter Include="Source Files">
      <UniqueIdentifier>{4FC737F1-C7A5-4376-A066-2A32D752A2FF}</UniqueIdentifier>
      <Extensions>cpp;c;cc;cxx;def;odl;idl;hpj;bat;asm;asmx</Extensions>
    </Filter>
    <Filter Include="Header Files">
      <UniqueIdentifier>{93995380-89BD-4b04-88EB-625FBE52EBFB}</UniqueIdentifier>
      <Extensions>h;hh;hpp;hxx;hm;inl;inc;ipp;xsd</Extensions>
    </Filter>
    <Filter Include="Resource Files">
      <UniqueIdentifier>{67DA6AB6-F800-4c08-8B7A-83BB121AAD01}</UniqueIdentifier>
      <Extensions>rc;ico;cur;bmp;dlg;rc2;rct;bin;rgs;gif;jpg;jpeg;jpe;resx;tiff;tif;png;wav;mfcribbon-ms</Extensions>
    </Filter>
    <Filter Include="Shader Files">
      <UniqueIdentifier>{77c4c3b1-3ff3-4913-bcb6-9e56b1c3eac9}</UniqueIdentifier>
    </Filter>
  </ItemGroup>
  <ItemGroup>
    <ClCompile Include="main.c">
      <Filter>Source Files</Filter>
    </ClCompile>
    <ClCompile Include="error.c">
      <Filter>Source Files</Filter>
    </ClCompile>
    <ClCompile Include="camera_interface.c">
      <Filter>Source Files</Filter>
    </ClCompile>
    <ClCompile Include="gpu_interface.c">
      <Filter>Source Files</Filter>
    </ClCompile>
    <ClCompile Include="mesh_interface.c">
      <Filter>Source Files</Filter>
    </ClCompile>
    <ClCompile Include="swapchain_interface.c">
      <Filter>Source Files</Filter>
    </ClCompile>
    <ClCompile Include="window_interface.c">
      <Filter>Source Files</Filter>
    </ClCompile>
    <ClCompile Include="material_interface.c">
      <Filter>Source Files</Filter>
    </ClCompile>
  </ItemGroup>
  <ItemGroup>
    <ClInclude Include="linmath.h">
      <Filter>Header Files</Filter>
    </ClInclude>
    <ClInclude Include="error.h">
      <Filter>Header Files</Filter>
    </ClInclude>
    <ClInclude Include="gpu_interface.h">
      <Filter>Header Files</Filter>
    </ClInclude>
    <ClInclude Include="mesh_interface.h">
      <Filter>Header Files</Filter>
    </ClInclude>
    <ClInclude Include="swapchain_inerface.h">
      <Filter>Header Files</Filter>
    </ClInclude>
    <ClInclude Include="window_interface.h">
      <Filter>Header Files</Filter>
    </ClInclude>
    <ClInclude Include="misc.h">
      <Filter>Header Files</Filter>
    </ClInclude>
    <ClInclude Include="material_interface.h">
      <Filter>Header Files</Filter>
    </ClInclude>
    <ClInclude Include="camera_interface.h">
      <Filter>Header Files</Filter>
    </ClInclude>
  </ItemGroup>
  <ItemGroup>
    <FxCompile Include="shaders\tri_pix_shader.hlsl">
      <Filter>Shader Files</Filter>
    </FxCompile>
    <FxCompile Include="shaders\tri_vert_shader.hlsl">
      <Filter>Shader Files</Filter>
    </FxCompile>
  </ItemGroup>
</Project>